
Microsoft Visual Studio Solution File, Format Version 12.00
# Visual Studio Version 16
VisualStudioVersion = 16.0.30503.244
MinimumVisualStudioVersion = 10.0.40219.1
Project("{8BC9CEB8-8B4A-11D0-8D11-00A0C91BC942}") = "Exo1", "Exo1\Exo1.vcxproj", "{AD21F5FC-0B06-4B7B-8D89-E01C3DEA3015}"
EndProject
Project("{8BC9CEB8-8B4A-11D0-8D11-00A0C91BC942}") = "Exo2", "Exo2\Exo2.vcxproj", "{3EC4C7AD-CE48-41BF-ACB3-A5590B03B294}"
EndProject
Global
	GlobalSection(SolutionConfigurationPlatforms) = preSolution
		Debug|x64 = Debug|x64
		Debug|x86 = Debug|x86
		Release|x64 = Release|x64
		Release|x86 = Release|x86
	EndGlobalSection
	GlobalSection(ProjectConfigurationPlatforms) = postSolution
		{AD21F5FC-0B06-4B7B-8D89-E01C3DEA3015}.Debug|x64.ActiveCfg = Debug|x64
		{AD21F5FC-0B06-4B7B-8D89-E01C3DEA3015}.Debug|x64.Build.0 = Debug|x64
		{AD21F5FC-0B06-4B7B-8D89-E01C3DEA3015}.Debug|x86.ActiveCfg = Debug|Win32
		{AD21F5FC-0B06-4B7B-8D89-E01C3DEA3015}.Debug|x86.Build.0 = Debug|Win32
		{AD21F5FC-0B06-4B7B-8D89-E01C3DEA3015}.Release|x64.ActiveCfg = Release|x64
		{AD21F5FC-0B06-4B7B-8D89-E01C3DEA3015}.Release|x64.Build.0 = Release|x64
		{AD21F5FC-0B06-4B7B-8D89-E01C3DEA3015}.Release|x86.ActiveCfg = Release|Win32
		{AD21F5FC-0B06-4B7B-8D89-E01C3DEA3015}.Release|x86.Build.0 = Release|Win32
		{3EC4C7AD-CE48-41BF-ACB3-A5590B03B294}.Debug|x64.ActiveCfg = Debug|x64
		{3EC4C7AD-CE48-41BF-ACB3-A5590B03B294}.Debug|x64.Build.0 = Debug|x64
		{3EC4C7AD-CE48-41BF-ACB3-A5590B03B294}.Debug|x86.ActiveCfg = Debug|Win32
		{3EC4C7AD-CE48-41BF-ACB3-A5590B03B294}.Debug|x86.Build.0 = Debug|Win32
		{3EC4C7AD-CE48-41BF-ACB3-A5590B03B294}.Release|x64.ActiveCfg = Release|x64
		{3EC4C7AD-CE48-41BF-ACB3-A5590B03B294}.Release|x64.Build.0 = Release|x64
		{3EC4C7AD-CE48-41BF-ACB3-A5590B03B294}.Release|x86.ActiveCfg = Release|Win32
		{3EC4C7AD-CE48-41BF-ACB3-A5590B03B294}.Release|x86.Build.0 = Release|Win32
	EndGlobalSection
	GlobalSection(SolutionProperties) = preSolution
		HideSolutionNode = FALSE
	EndGlobalSection
	GlobalSection(ExtensibilityGlobals) = postSolution
		SolutionGuid = {6CD15F59-9D2A-4827-B1B2-D035B8C6BE38}
	EndGlobalSection
EndGlobal
